// !$*UTF8*$!
{
	archiveVersion = 1;
	classes = {
	};
	objectVersion = 52;
	objects = {

/* Begin PBXBuildFile section */
		009F102A1B94657D0004EA76 /* Assets.xcassets in Resources */ = {isa = PBXBuildFile; fileRef = 009F10291B94657D0004EA76 /* Assets.xcassets */; };
		009F102D1B94657D0004EA76 /* Main.storyboard in Resources */ = {isa = PBXBuildFile; fileRef = 009F102B1B94657D0004EA76 /* Main.storyboard */; };
		00B74481246B641600B65BBC /* sample.md in Resources */ = {isa = PBXBuildFile; fileRef = 00B74480246B641600B65BBC /* sample.md */; };
		00B74483246B679700B65BBC /* styles.css in Resources */ = {isa = PBXBuildFile; fileRef = 00B74482246B679700B65BBC /* styles.css */; };
		00BA79E9246C937D001A07A6 /* OpenInEditor.swift in Sources */ = {isa = PBXBuildFile; fileRef = 00BA79E8246C937D001A07A6 /* OpenInEditor.swift */; };
		00DCC287245A2B0E00F44AA8 /* MarkdownParser.swift in Sources */ = {isa = PBXBuildFile; fileRef = 00DCC273245A2B0E00F44AA8 /* MarkdownParser.swift */; };
		00DCC288245A2B0E00F44AA8 /* MarkdownDocument.swift in Sources */ = {isa = PBXBuildFile; fileRef = 00DCC274245A2B0E00F44AA8 /* MarkdownDocument.swift */; };
		00DCC289245A2B0E00F44AA8 /* Editor.swift in Sources */ = {isa = PBXBuildFile; fileRef = 00DCC275245A2B0E00F44AA8 /* Editor.swift */; };
		00DCC28A245A2B0E00F44AA8 /* SupportController.swift in Sources */ = {isa = PBXBuildFile; fileRef = 00DCC276245A2B0E00F44AA8 /* SupportController.swift */; };
		00DCC28B245A2B0E00F44AA8 /* PreferencesController.swift in Sources */ = {isa = PBXBuildFile; fileRef = 00DCC277245A2B0E00F44AA8 /* PreferencesController.swift */; };
		00DCC28C245A2B0E00F44AA8 /* FileWatcher.swift in Sources */ = {isa = PBXBuildFile; fileRef = 00DCC278245A2B0E00F44AA8 /* FileWatcher.swift */; };
		00DCC28D245A2B0E00F44AA8 /* WindowController.swift in Sources */ = {isa = PBXBuildFile; fileRef = 00DCC27A245A2B0E00F44AA8 /* WindowController.swift */; };
		00DCC28E245A2B0E00F44AA8 /* AppDelegate.swift in Sources */ = {isa = PBXBuildFile; fileRef = 00DCC27B245A2B0E00F44AA8 /* AppDelegate.swift */; };
		00DCC291245A2B0E00F44AA8 /* Regex.swift in Sources */ = {isa = PBXBuildFile; fileRef = 00DCC27F245A2B0E00F44AA8 /* Regex.swift */; };
		00DCC292245A2B0E00F44AA8 /* NSUserDefaults.swift in Sources */ = {isa = PBXBuildFile; fileRef = 00DCC281245A2B0E00F44AA8 /* NSUserDefaults.swift */; };
		00DCC293245A2B0E00F44AA8 /* String.swift in Sources */ = {isa = PBXBuildFile; fileRef = 00DCC282245A2B0E00F44AA8 /* String.swift */; };
		00DCC294245A2B0E00F44AA8 /* PreferencesView.swift in Sources */ = {isa = PBXBuildFile; fileRef = 00DCC284245A2B0E00F44AA8 /* PreferencesView.swift */; };
		00DCC295245A2B0E00F44AA8 /* RenderViewController.swift in Sources */ = {isa = PBXBuildFile; fileRef = 00DCC285245A2B0E00F44AA8 /* RenderViewController.swift */; };
		00DCC299245A2C4D00F44AA8 /* CommonMark in Frameworks */ = {isa = PBXBuildFile; productRef = 00DCC298245A2C4D00F44AA8 /* CommonMark */; };
		00DCC29B245A2CF900F44AA8 /* RenderView.swift in Sources */ = {isa = PBXBuildFile; fileRef = 00DCC29A245A2CF900F44AA8 /* RenderView.swift */; };
		00DCC29D245D738900F44AA8 /* WebView.swift in Sources */ = {isa = PBXBuildFile; fileRef = 00DCC29C245D738900F44AA8 /* WebView.swift */; };
		00DCC29F245E2F1F00F44AA8 /* BlurView.swift in Sources */ = {isa = PBXBuildFile; fileRef = 00DCC29E245E2F1F00F44AA8 /* BlurView.swift */; };
/* End PBXBuildFile section */

/* Begin PBXCopyFilesBuildPhase section */
		009F105B1B94837D0004EA76 /* Embed Frameworks */ = {
			isa = PBXCopyFilesBuildPhase;
			buildActionMask = 2147483647;
			dstPath = "";
			dstSubfolderSpec = 10;
			files = (
			);
			name = "Embed Frameworks";
			runOnlyForDeploymentPostprocessing = 0;
		};
/* End PBXCopyFilesBuildPhase section */

/* Begin PBXFileReference section */
		009F10201B94657D0004EA76 /* Markoff.app */ = {isa = PBXFileReference; explicitFileType = wrapper.application; includeInIndex = 0; path = Markoff.app; sourceTree = BUILT_PRODUCTS_DIR; };
		009F10291B94657D0004EA76 /* Assets.xcassets */ = {isa = PBXFileReference; lastKnownFileType = folder.assetcatalog; path = Assets.xcassets; sourceTree = "<group>"; };
		009F102C1B94657D0004EA76 /* Base */ = {isa = PBXFileReference; lastKnownFileType = file.storyboard; name = Base; path = Base.lproj/Main.storyboard; sourceTree = "<group>"; };
		009F102E1B94657D0004EA76 /* Info.plist */ = {isa = PBXFileReference; lastKnownFileType = text.plist.xml; path = Info.plist; sourceTree = "<group>"; };
		009F10491B9477300004EA76 /* Markoff.entitlements */ = {isa = PBXFileReference; lastKnownFileType = text.xml; path = Markoff.entitlements; sourceTree = "<group>"; };
		00A575E6216FF5BC00A4B6A1 /* WebKit.framework */ = {isa = PBXFileReference; lastKnownFileType = wrapper.framework; name = WebKit.framework; path = System/Library/Frameworks/WebKit.framework; sourceTree = SDKROOT; };
		00B74480246B641600B65BBC /* sample.md */ = {isa = PBXFileReference; fileEncoding = 4; lastKnownFileType = net.daringfireball.markdown; name = sample.md; path = Resources/sample.md; sourceTree = "<group>"; };
		00B74482246B679700B65BBC /* styles.css */ = {isa = PBXFileReference; fileEncoding = 4; lastKnownFileType = text.css; name = styles.css; path = Resources/Web/styles.css; sourceTree = "<group>"; };
		00BA79E8246C937D001A07A6 /* OpenInEditor.swift */ = {isa = PBXFileReference; lastKnownFileType = sourcecode.swift; path = OpenInEditor.swift; sourceTree = "<group>"; };
		00DCC273245A2B0E00F44AA8 /* MarkdownParser.swift */ = {isa = PBXFileReference; fileEncoding = 4; lastKnownFileType = sourcecode.swift; path = MarkdownParser.swift; sourceTree = "<group>"; };
		00DCC274245A2B0E00F44AA8 /* MarkdownDocument.swift */ = {isa = PBXFileReference; fileEncoding = 4; lastKnownFileType = sourcecode.swift; path = MarkdownDocument.swift; sourceTree = "<group>"; };
		00DCC275245A2B0E00F44AA8 /* Editor.swift */ = {isa = PBXFileReference; fileEncoding = 4; lastKnownFileType = sourcecode.swift; path = Editor.swift; sourceTree = "<group>"; };
		00DCC276245A2B0E00F44AA8 /* SupportController.swift */ = {isa = PBXFileReference; fileEncoding = 4; lastKnownFileType = sourcecode.swift; path = SupportController.swift; sourceTree = "<group>"; };
		00DCC277245A2B0E00F44AA8 /* PreferencesController.swift */ = {isa = PBXFileReference; fileEncoding = 4; lastKnownFileType = sourcecode.swift; path = PreferencesController.swift; sourceTree = "<group>"; };
		00DCC278245A2B0E00F44AA8 /* FileWatcher.swift */ = {isa = PBXFileReference; fileEncoding = 4; lastKnownFileType = sourcecode.swift; path = FileWatcher.swift; sourceTree = "<group>"; };
		00DCC27A245A2B0E00F44AA8 /* WindowController.swift */ = {isa = PBXFileReference; fileEncoding = 4; lastKnownFileType = sourcecode.swift; path = WindowController.swift; sourceTree = "<group>"; };
		00DCC27B245A2B0E00F44AA8 /* AppDelegate.swift */ = {isa = PBXFileReference; fileEncoding = 4; lastKnownFileType = sourcecode.swift; path = AppDelegate.swift; sourceTree = "<group>"; };
		00DCC27F245A2B0E00F44AA8 /* Regex.swift */ = {isa = PBXFileReference; fileEncoding = 4; lastKnownFileType = sourcecode.swift; path = Regex.swift; sourceTree = "<group>"; };
		00DCC281245A2B0E00F44AA8 /* NSUserDefaults.swift */ = {isa = PBXFileReference; fileEncoding = 4; lastKnownFileType = sourcecode.swift; path = NSUserDefaults.swift; sourceTree = "<group>"; };
		00DCC282245A2B0E00F44AA8 /* String.swift */ = {isa = PBXFileReference; fileEncoding = 4; lastKnownFileType = sourcecode.swift; path = String.swift; sourceTree = "<group>"; };
		00DCC284245A2B0E00F44AA8 /* PreferencesView.swift */ = {isa = PBXFileReference; fileEncoding = 4; lastKnownFileType = sourcecode.swift; path = PreferencesView.swift; sourceTree = "<group>"; };
		00DCC285245A2B0E00F44AA8 /* RenderViewController.swift */ = {isa = PBXFileReference; fileEncoding = 4; lastKnownFileType = sourcecode.swift; path = RenderViewController.swift; sourceTree = "<group>"; };
		00DCC29A245A2CF900F44AA8 /* RenderView.swift */ = {isa = PBXFileReference; lastKnownFileType = sourcecode.swift; path = RenderView.swift; sourceTree = "<group>"; };
		00DCC29C245D738900F44AA8 /* WebView.swift */ = {isa = PBXFileReference; lastKnownFileType = sourcecode.swift; path = WebView.swift; sourceTree = "<group>"; };
		00DCC29E245E2F1F00F44AA8 /* BlurView.swift */ = {isa = PBXFileReference; lastKnownFileType = sourcecode.swift; path = BlurView.swift; sourceTree = "<group>"; };
/* End PBXFileReference section */

/* Begin PBXFrameworksBuildPhase section */
		009F101D1B94657D0004EA76 /* Frameworks */ = {
			isa = PBXFrameworksBuildPhase;
			buildActionMask = 2147483647;
			files = (
				00DCC299245A2C4D00F44AA8 /* CommonMark in Frameworks */,
			);
			runOnlyForDeploymentPostprocessing = 0;
		};
/* End PBXFrameworksBuildPhase section */

/* Begin PBXGroup section */
		009F10171B94657D0004EA76 = {
			isa = PBXGroup;
			children = (
				009F10221B94657D0004EA76 /* Markoff */,
				009F10211B94657D0004EA76 /* Products */,
				00A575DE216FF58400A4B6A1 /* Frameworks */,
			);
			sourceTree = "<group>";
		};
		009F10211B94657D0004EA76 /* Products */ = {
			isa = PBXGroup;
			children = (
				009F10201B94657D0004EA76 /* Markoff.app */,
			);
			name = Products;
			sourceTree = "<group>";
		};
		009F10221B94657D0004EA76 /* Markoff */ = {
			isa = PBXGroup;
			children = (
				00DCC241245A289000F44AA8 /* Sources */,
				009F10341B946A510004EA76 /* Resources */,
				009F10351B946A590004EA76 /* Storyboards */,
			);
			path = Markoff;
			sourceTree = "<group>";
		};
		009F10341B946A510004EA76 /* Resources */ = {
			isa = PBXGroup;
			children = (
				00B74482246B679700B65BBC /* styles.css */,
				00B74480246B641600B65BBC /* sample.md */,
				009F10291B94657D0004EA76 /* Assets.xcassets */,
				009F10491B9477300004EA76 /* Markoff.entitlements */,
				009F102E1B94657D0004EA76 /* Info.plist */,
			);
			name = Resources;
			sourceTree = "<group>";
		};
		009F10351B946A590004EA76 /* Storyboards */ = {
			isa = PBXGroup;
			children = (
				009F102B1B94657D0004EA76 /* Main.storyboard */,
			);
			name = Storyboards;
			sourceTree = "<group>";
		};
		00A575DE216FF58400A4B6A1 /* Frameworks */ = {
			isa = PBXGroup;
			children = (
				00A575E6216FF5BC00A4B6A1 /* WebKit.framework */,
			);
			name = Frameworks;
			sourceTree = "<group>";
		};
		00DCC241245A289000F44AA8 /* Sources */ = {
			isa = PBXGroup;
			children = (
				00DCC279245A2B0E00F44AA8 /* Controllers */,
				00DCC280245A2B0E00F44AA8 /* Extensions */,
				00DCC27C245A2B0E00F44AA8 /* Helpers */,
				00DCC272245A2B0E00F44AA8 /* Models */,
				00DCC283245A2B0E00F44AA8 /* Views */,
			);
			path = Sources;
			sourceTree = "<group>";
		};
		00DCC272245A2B0E00F44AA8 /* Models */ = {
			isa = PBXGroup;
			children = (
				00DCC273245A2B0E00F44AA8 /* MarkdownParser.swift */,
				00DCC274245A2B0E00F44AA8 /* MarkdownDocument.swift */,
				00DCC275245A2B0E00F44AA8 /* Editor.swift */,
				00DCC276245A2B0E00F44AA8 /* SupportController.swift */,
				00DCC277245A2B0E00F44AA8 /* PreferencesController.swift */,
				00DCC278245A2B0E00F44AA8 /* FileWatcher.swift */,
			);
			path = Models;
			sourceTree = "<group>";
		};
		00DCC279245A2B0E00F44AA8 /* Controllers */ = {
			isa = PBXGroup;
			children = (
				00DCC27A245A2B0E00F44AA8 /* WindowController.swift */,
				00DCC27B245A2B0E00F44AA8 /* AppDelegate.swift */,
			);
			path = Controllers;
			sourceTree = "<group>";
		};
		00DCC27C245A2B0E00F44AA8 /* Helpers */ = {
			isa = PBXGroup;
			children = (
				00DCC27F245A2B0E00F44AA8 /* Regex.swift */,
				00BA79E8246C937D001A07A6 /* OpenInEditor.swift */,
			);
			path = Helpers;
			sourceTree = "<group>";
		};
		00DCC280245A2B0E00F44AA8 /* Extensions */ = {
			isa = PBXGroup;
			children = (
				00DCC281245A2B0E00F44AA8 /* NSUserDefaults.swift */,
				00DCC282245A2B0E00F44AA8 /* String.swift */,
			);
			path = Extensions;
			sourceTree = "<group>";
		};
		00DCC283245A2B0E00F44AA8 /* Views */ = {
			isa = PBXGroup;
			children = (
				00DCC284245A2B0E00F44AA8 /* PreferencesView.swift */,
				00DCC285245A2B0E00F44AA8 /* RenderViewController.swift */,
				00DCC29A245A2CF900F44AA8 /* RenderView.swift */,
				00DCC29C245D738900F44AA8 /* WebView.swift */,
				00DCC29E245E2F1F00F44AA8 /* BlurView.swift */,
			);
			path = Views;
			sourceTree = "<group>";
		};
/* End PBXGroup section */

/* Begin PBXNativeTarget section */
		009F101F1B94657D0004EA76 /* Markoff */ = {
			isa = PBXNativeTarget;
			buildConfigurationList = 009F10311B94657D0004EA76 /* Build configuration list for PBXNativeTarget "Markoff" */;
			buildPhases = (
				009F101C1B94657D0004EA76 /* Sources */,
				009F101D1B94657D0004EA76 /* Frameworks */,
				009F101E1B94657D0004EA76 /* Resources */,
				009F105B1B94837D0004EA76 /* Embed Frameworks */,
			);
			buildRules = (
			);
			dependencies = (
			);
			name = Markoff;
			packageProductDependencies = (
				00DCC298245A2C4D00F44AA8 /* CommonMark */,
			);
			productName = Markoff;
			productReference = 009F10201B94657D0004EA76 /* Markoff.app */;
			productType = "com.apple.product-type.application";
		};
/* End PBXNativeTarget section */

/* Begin PBXProject section */
		009F10181B94657D0004EA76 /* Project object */ = {
			isa = PBXProject;
			attributes = {
				LastSwiftUpdateCheck = 0700;
				LastUpgradeCheck = 1140;
				ORGANIZATIONNAME = thoughtbot;
				TargetAttributes = {
					009F101F1B94657D0004EA76 = {
						CreatedOnToolsVersion = 7.0;
						DevelopmentTeam = 5G38N4D8G2;
						LastSwiftMigration = 1020;
						SystemCapabilities = {
							com.apple.Sandbox = {
								enabled = 1;
							};
						};
					};
				};
			};
			buildConfigurationList = 009F101B1B94657D0004EA76 /* Build configuration list for PBXProject "Markoff" */;
			compatibilityVersion = "Xcode 3.2";
			developmentRegion = en;
			hasScannedForEncodings = 0;
			knownRegions = (
				en,
				Base,
			);
			mainGroup = 009F10171B94657D0004EA76;
			packageReferences = (
				00DCC297245A2C4D00F44AA8 /* XCRemoteSwiftPackageReference "CommonMark" */,
			);
			productRefGroup = 009F10211B94657D0004EA76 /* Products */;
			projectDirPath = "";
			projectRoot = "";
			targets = (
				009F101F1B94657D0004EA76 /* Markoff */,
			);
		};
/* End PBXProject section */

/* Begin PBXResourcesBuildPhase section */
		009F101E1B94657D0004EA76 /* Resources */ = {
			isa = PBXResourcesBuildPhase;
			buildActionMask = 2147483647;
			files = (
				009F102A1B94657D0004EA76 /* Assets.xcassets in Resources */,
				00B74483246B679700B65BBC /* styles.css in Resources */,
				009F102D1B94657D0004EA76 /* Main.storyboard in Resources */,
				00B74481246B641600B65BBC /* sample.md in Resources */,
			);
			runOnlyForDeploymentPostprocessing = 0;
		};
/* End PBXResourcesBuildPhase section */

/* Begin PBXSourcesBuildPhase section */
		009F101C1B94657D0004EA76 /* Sources */ = {
			isa = PBXSourcesBuildPhase;
			buildActionMask = 2147483647;
			files = (
				00DCC28E245A2B0E00F44AA8 /* AppDelegate.swift in Sources */,
				00BA79E9246C937D001A07A6 /* OpenInEditor.swift in Sources */,
				00DCC293245A2B0E00F44AA8 /* String.swift in Sources */,
				00DCC295245A2B0E00F44AA8 /* RenderViewController.swift in Sources */,
				00DCC29B245A2CF900F44AA8 /* RenderView.swift in Sources */,
				00DCC287245A2B0E00F44AA8 /* MarkdownParser.swift in Sources */,
				00DCC28B245A2B0E00F44AA8 /* PreferencesController.swift in Sources */,
				00DCC28C245A2B0E00F44AA8 /* FileWatcher.swift in Sources */,
				00DCC28D245A2B0E00F44AA8 /* WindowController.swift in Sources */,
				00DCC289245A2B0E00F44AA8 /* Editor.swift in Sources */,
				00DCC29D245D738900F44AA8 /* WebView.swift in Sources */,
				00DCC288245A2B0E00F44AA8 /* MarkdownDocument.swift in Sources */,
				00DCC28A245A2B0E00F44AA8 /* SupportController.swift in Sources */,
				00DCC29F245E2F1F00F44AA8 /* BlurView.swift in Sources */,
				00DCC291245A2B0E00F44AA8 /* Regex.swift in Sources */,
				00DCC292245A2B0E00F44AA8 /* NSUserDefaults.swift in Sources */,
				00DCC294245A2B0E00F44AA8 /* PreferencesView.swift in Sources */,
			);
			runOnlyForDeploymentPostprocessing = 0;
		};
/* End PBXSourcesBuildPhase section */

/* Begin PBXVariantGroup section */
		009F102B1B94657D0004EA76 /* Main.storyboard */ = {
			isa = PBXVariantGroup;
			children = (
				009F102C1B94657D0004EA76 /* Base */,
			);
			name = Main.storyboard;
			sourceTree = "<group>";
		};
/* End PBXVariantGroup section */

/* Begin XCBuildConfiguration section */
		009F102F1B94657D0004EA76 /* Debug */ = {
			isa = XCBuildConfiguration;
			buildSettings = {
				ALWAYS_SEARCH_USER_PATHS = NO;
				CLANG_ANALYZER_LOCALIZABILITY_NONLOCALIZED = YES;
				CLANG_CXX_LANGUAGE_STANDARD = "gnu++0x";
				CLANG_CXX_LIBRARY = "libc++";
				CLANG_ENABLE_MODULES = YES;
				CLANG_ENABLE_OBJC_ARC = YES;
				CLANG_WARN_BLOCK_CAPTURE_AUTORELEASING = YES;
				CLANG_WARN_BOOL_CONVERSION = YES;
				CLANG_WARN_COMMA = YES;
				CLANG_WARN_CONSTANT_CONVERSION = YES;
				CLANG_WARN_DEPRECATED_OBJC_IMPLEMENTATIONS = YES;
				CLANG_WARN_DIRECT_OBJC_ISA_USAGE = YES_ERROR;
				CLANG_WARN_EMPTY_BODY = YES;
				CLANG_WARN_ENUM_CONVERSION = YES;
				CLANG_WARN_INFINITE_RECURSION = YES;
				CLANG_WARN_INT_CONVERSION = YES;
				CLANG_WARN_NON_LITERAL_NULL_CONVERSION = YES;
				CLANG_WARN_OBJC_IMPLICIT_RETAIN_SELF = YES;
				CLANG_WARN_OBJC_LITERAL_CONVERSION = YES;
				CLANG_WARN_OBJC_ROOT_CLASS = YES_ERROR;
				CLANG_WARN_RANGE_LOOP_ANALYSIS = YES;
				CLANG_WARN_STRICT_PROTOTYPES = YES;
				CLANG_WARN_SUSPICIOUS_MOVE = YES;
				CLANG_WARN_UNREACHABLE_CODE = YES;
				CLANG_WARN__DUPLICATE_METHOD_MATCH = YES;
				CODE_SIGN_IDENTITY = "-";
				COPY_PHASE_STRIP = NO;
				DEBUG_INFORMATION_FORMAT = dwarf;
				ENABLE_STRICT_OBJC_MSGSEND = YES;
				ENABLE_TESTABILITY = YES;
				GCC_C_LANGUAGE_STANDARD = gnu99;
				GCC_DYNAMIC_NO_PIC = NO;
				GCC_NO_COMMON_BLOCKS = YES;
				GCC_OPTIMIZATION_LEVEL = 0;
				GCC_PREPROCESSOR_DEFINITIONS = (
					"DEBUG=1",
					"$(inherited)",
				);
				GCC_WARN_64_TO_32_BIT_CONVERSION = YES;
				GCC_WARN_ABOUT_RETURN_TYPE = YES_ERROR;
				GCC_WARN_UNDECLARED_SELECTOR = YES;
				GCC_WARN_UNINITIALIZED_AUTOS = YES_AGGRESSIVE;
				GCC_WARN_UNUSED_FUNCTION = YES;
				GCC_WARN_UNUSED_VARIABLE = YES;
				MACOSX_DEPLOYMENT_TARGET = 10.10;
				MTL_ENABLE_DEBUG_INFO = YES;
				ONLY_ACTIVE_ARCH = YES;
				SDKROOT = macosx;
				SWIFT_OPTIMIZATION_LEVEL = "-Onone";
			};
			name = Debug;
		};
		009F10301B94657D0004EA76 /* Release */ = {
			isa = XCBuildConfiguration;
			buildSettings = {
				ALWAYS_SEARCH_USER_PATHS = NO;
				CLANG_ANALYZER_LOCALIZABILITY_NONLOCALIZED = YES;
				CLANG_CXX_LANGUAGE_STANDARD = "gnu++0x";
				CLANG_CXX_LIBRARY = "libc++";
				CLANG_ENABLE_MODULES = YES;
				CLANG_ENABLE_OBJC_ARC = YES;
				CLANG_WARN_BLOCK_CAPTURE_AUTORELEASING = YES;
				CLANG_WARN_BOOL_CONVERSION = YES;
				CLANG_WARN_COMMA = YES;
				CLANG_WARN_CONSTANT_CONVERSION = YES;
				CLANG_WARN_DEPRECATED_OBJC_IMPLEMENTATIONS = YES;
				CLANG_WARN_DIRECT_OBJC_ISA_USAGE = YES_ERROR;
				CLANG_WARN_EMPTY_BODY = YES;
				CLANG_WARN_ENUM_CONVERSION = YES;
				CLANG_WARN_INFINITE_RECURSION = YES;
				CLANG_WARN_INT_CONVERSION = YES;
				CLANG_WARN_NON_LITERAL_NULL_CONVERSION = YES;
				CLANG_WARN_OBJC_IMPLICIT_RETAIN_SELF = YES;
				CLANG_WARN_OBJC_LITERAL_CONVERSION = YES;
				CLANG_WARN_OBJC_ROOT_CLASS = YES_ERROR;
				CLANG_WARN_RANGE_LOOP_ANALYSIS = YES;
				CLANG_WARN_STRICT_PROTOTYPES = YES;
				CLANG_WARN_SUSPICIOUS_MOVE = YES;
				CLANG_WARN_UNREACHABLE_CODE = YES;
				CLANG_WARN__DUPLICATE_METHOD_MATCH = YES;
				CODE_SIGN_IDENTITY = "-";
				COPY_PHASE_STRIP = NO;
				DEBUG_INFORMATION_FORMAT = "dwarf-with-dsym";
				ENABLE_NS_ASSERTIONS = NO;
				ENABLE_STRICT_OBJC_MSGSEND = YES;
				GCC_C_LANGUAGE_STANDARD = gnu99;
				GCC_NO_COMMON_BLOCKS = YES;
				GCC_WARN_64_TO_32_BIT_CONVERSION = YES;
				GCC_WARN_ABOUT_RETURN_TYPE = YES_ERROR;
				GCC_WARN_UNDECLARED_SELECTOR = YES;
				GCC_WARN_UNINITIALIZED_AUTOS = YES_AGGRESSIVE;
				GCC_WARN_UNUSED_FUNCTION = YES;
				GCC_WARN_UNUSED_VARIABLE = YES;
				MACOSX_DEPLOYMENT_TARGET = 10.10;
				MTL_ENABLE_DEBUG_INFO = NO;
				SDKROOT = macosx;
				SWIFT_COMPILATION_MODE = wholemodule;
				SWIFT_OPTIMIZATION_LEVEL = "-O";
			};
			name = Release;
		};
		009F10321B94657D0004EA76 /* Debug */ = {
			isa = XCBuildConfiguration;
			buildSettings = {
				ASSETCATALOG_COMPILER_APPICON_NAME = AppIcon;
				CODE_SIGN_ENTITLEMENTS = Markoff/Markoff.entitlements;
				CODE_SIGN_IDENTITY = "Mac Developer";
				COMBINE_HIDPI_IMAGES = YES;
				DEVELOPMENT_TEAM = 5G38N4D8G2;
				ENABLE_HARDENED_RUNTIME = YES;
				FRAMEWORK_SEARCH_PATHS = (
					"$(inherited)",
					"$(PROJECT_DIR)/Carthage/Build/Mac",
				);
				INFOPLIST_FILE = Markoff/Info.plist;
				LD_RUNPATH_SEARCH_PATHS = (
					"$(inherited)",
					"@executable_path/../Frameworks",
				);
				MACOSX_DEPLOYMENT_TARGET = 10.15;
				MARKETING_VERSION = 2.0.0;
				OTHER_SWIFT_FLAGS = "-D DEBUG";
				"OTHER_SWIFT_FLAGS[arch=*]" = "-D DEBUG";
				PRODUCT_BUNDLE_IDENTIFIER = com.redalemeden.Markoff;
				PRODUCT_NAME = "$(TARGET_NAME)";
				SWIFT_VERSION = 5.0;
			};
			name = Debug;
		};
		009F10331B94657D0004EA76 /* Release */ = {
			isa = XCBuildConfiguration;
			buildSettings = {
				ASSETCATALOG_COMPILER_APPICON_NAME = AppIcon;
				CODE_SIGN_ENTITLEMENTS = Markoff/Markoff.entitlements;
				CODE_SIGN_IDENTITY = "Mac Developer";
				COMBINE_HIDPI_IMAGES = YES;
				DEVELOPMENT_TEAM = 5G38N4D8G2;
				ENABLE_HARDENED_RUNTIME = YES;
				FRAMEWORK_SEARCH_PATHS = (
					"$(inherited)",
					"$(PROJECT_DIR)/Carthage/Build/Mac",
				);
				INFOPLIST_FILE = Markoff/Info.plist;
				LD_RUNPATH_SEARCH_PATHS = (
					"$(inherited)",
					"@executable_path/../Frameworks",
				);
				MACOSX_DEPLOYMENT_TARGET = 10.15;
				MARKETING_VERSION = 2.0.0;
				OTHER_SWIFT_FLAGS = "";
				PRODUCT_BUNDLE_IDENTIFIER = com.redalemeden.Markoff;
				PRODUCT_NAME = "$(TARGET_NAME)";
				SWIFT_VERSION = 5.0;
			};
			name = Release;
		};
/* End XCBuildConfiguration section */

/* Begin XCConfigurationList section */
		009F101B1B94657D0004EA76 /* Build configuration list for PBXProject "Markoff" */ = {
			isa = XCConfigurationList;
			buildConfigurations = (
				009F102F1B94657D0004EA76 /* Debug */,
				009F10301B94657D0004EA76 /* Release */,
			);
			defaultConfigurationIsVisible = 0;
			defaultConfigurationName = Release;
		};
		009F10311B94657D0004EA76 /* Build configuration list for PBXNativeTarget "Markoff" */ = {
			isa = XCConfigurationList;
			buildConfigurations = (
				009F10321B94657D0004EA76 /* Debug */,
				009F10331B94657D0004EA76 /* Release */,
			);
			defaultConfigurationIsVisible = 0;
			defaultConfigurationName = Release;
		};
/* End XCConfigurationList section */

/* Begin XCRemoteSwiftPackageReference section */
		00DCC297245A2C4D00F44AA8 /* XCRemoteSwiftPackageReference "CommonMark" */ = {
			isa = XCRemoteSwiftPackageReference;
			repositoryURL = "git@github.com:SwiftDocOrg/CommonMark.git";
			requirement = {
				kind = upToNextMajorVersion;
				minimumVersion = 0.3.2;
			};
		};
/* End XCRemoteSwiftPackageReference section */

/* Begin XCSwiftPackageProductDependency section */
		00DCC298245A2C4D00F44AA8 /* CommonMark */ = {
			isa = XCSwiftPackageProductDependency;
			package = 00DCC297245A2C4D00F44AA8 /* XCRemoteSwiftPackageReference "CommonMark" */;
			productName = CommonMark;
		};
/* End XCSwiftPackageProductDependency section */
	};
	rootObject = 009F10181B94657D0004EA76 /* Project object */;
}
