// !$*UTF8*$!
{
	archiveVersion = 1;
	classes = {
	};
	objectVersion = 46;
	objects = {

/* Begin PBXBuildFile section */
		000516FB1B948CD400BCFD09 /* MarkdownParser.swift in Sources */ = {isa = PBXBuildFile; fileRef = 000516FA1B948CD400BCFD09 /* MarkdownParser.swift */; };
		0024871A1BE00FF40092900B /* WebView.swift in Sources */ = {isa = PBXBuildFile; fileRef = 002487191BE00FF40092900B /* WebView.swift */; };
		005103A61B95B13F006F04C9 /* WindowController.swift in Sources */ = {isa = PBXBuildFile; fileRef = 005103A51B95B13F006F04C9 /* WindowController.swift */; };
		005103A81B95B1E1006F04C9 /* RenderViewModel.swift in Sources */ = {isa = PBXBuildFile; fileRef = 005103A71B95B1E1006F04C9 /* RenderViewModel.swift */; };
		005103AB1B95BDD0006F04C9 /* ReactiveCocoa.framework in Frameworks */ = {isa = PBXBuildFile; fileRef = 005103A91B95BDD0006F04C9 /* ReactiveCocoa.framework */; };
		005103AC1B95BDD0006F04C9 /* ReactiveCocoa.framework in Embed Frameworks */ = {isa = PBXBuildFile; fileRef = 005103A91B95BDD0006F04C9 /* ReactiveCocoa.framework */; settings = {ATTRIBUTES = (CodeSignOnCopy, RemoveHeadersOnCopy, ); }; };
		005103AD1B95BDD0006F04C9 /* Result.framework in Frameworks */ = {isa = PBXBuildFile; fileRef = 005103AA1B95BDD0006F04C9 /* Result.framework */; };
		005103AE1B95BDD0006F04C9 /* Result.framework in Embed Frameworks */ = {isa = PBXBuildFile; fileRef = 005103AA1B95BDD0006F04C9 /* Result.framework */; settings = {ATTRIBUTES = (CodeSignOnCopy, RemoveHeadersOnCopy, ); }; };
		008847741C6CD0ED004347A5 /* Support Controller.swift in Sources */ = {isa = PBXBuildFile; fileRef = 008847731C6CD0ED004347A5 /* Support Controller.swift */; };
		009627881B97384300E0A79D /* Template in Resources */ = {isa = PBXBuildFile; fileRef = 009627871B97384300E0A79D /* Template */; };
		0096278A1B975C6700E0A79D /* Regex.swift in Sources */ = {isa = PBXBuildFile; fileRef = 009627891B975C6700E0A79D /* Regex.swift */; };
		009750141C6B42C700D349A0 /* PreferencesView.swift in Sources */ = {isa = PBXBuildFile; fileRef = 009750131C6B42C700D349A0 /* PreferencesView.swift */; };
		009750161C6B42E300D349A0 /* Editor.swift in Sources */ = {isa = PBXBuildFile; fileRef = 009750151C6B42E300D349A0 /* Editor.swift */; };
		009750181C6B42EB00D349A0 /* PreferencesController.swift in Sources */ = {isa = PBXBuildFile; fileRef = 009750171C6B42EB00D349A0 /* PreferencesController.swift */; };
		0097501A1C6B432A00D349A0 /* NSUserDefaults.swift in Sources */ = {isa = PBXBuildFile; fileRef = 009750191C6B432A00D349A0 /* NSUserDefaults.swift */; };
		009F10241B94657D0004EA76 /* AppDelegate.swift in Sources */ = {isa = PBXBuildFile; fileRef = 009F10231B94657D0004EA76 /* AppDelegate.swift */; };
		009F10261B94657D0004EA76 /* RenderViewController.swift in Sources */ = {isa = PBXBuildFile; fileRef = 009F10251B94657D0004EA76 /* RenderViewController.swift */; };
		009F10281B94657D0004EA76 /* MarkdownDocument.swift in Sources */ = {isa = PBXBuildFile; fileRef = 009F10271B94657D0004EA76 /* MarkdownDocument.swift */; };
		009F102A1B94657D0004EA76 /* Assets.xcassets in Resources */ = {isa = PBXBuildFile; fileRef = 009F10291B94657D0004EA76 /* Assets.xcassets */; };
		009F102D1B94657D0004EA76 /* Main.storyboard in Resources */ = {isa = PBXBuildFile; fileRef = 009F102B1B94657D0004EA76 /* Main.storyboard */; };
		00A2ABBC1C69E4B20099A7E2 /* String.swift in Sources */ = {isa = PBXBuildFile; fileRef = 00A2ABBB1C69E4B20099A7E2 /* String.swift */; };
		00A2ABBE1C69F9950099A7E2 /* GCD.swift in Sources */ = {isa = PBXBuildFile; fileRef = 00A2ABBD1C69F9950099A7E2 /* GCD.swift */; };
		00A575E4216FF5B300A4B6A1 /* Down.framework in Frameworks */ = {isa = PBXBuildFile; fileRef = 00A575DF216FF58400A4B6A1 /* Down.framework */; };
		00A575E5216FF5B300A4B6A1 /* Down.framework in Embed Frameworks */ = {isa = PBXBuildFile; fileRef = 00A575DF216FF58400A4B6A1 /* Down.framework */; settings = {ATTRIBUTES = (CodeSignOnCopy, RemoveHeadersOnCopy, ); }; };
		00A575EC216FF90200A4B6A1 /* ReactiveSwift.framework in Embed Frameworks */ = {isa = PBXBuildFile; fileRef = 00A575EA216FF90200A4B6A1 /* ReactiveSwift.framework */; settings = {ATTRIBUTES = (CodeSignOnCopy, RemoveHeadersOnCopy, ); }; };
		00A575ED216FF91600A4B6A1 /* ReactiveSwift.framework in Frameworks */ = {isa = PBXBuildFile; fileRef = 00A575EA216FF90200A4B6A1 /* ReactiveSwift.framework */; };
		00F47CA51B99BF4500663B03 /* FileWatcher.swift in Sources */ = {isa = PBXBuildFile; fileRef = 00F47CA41B99BF4500663B03 /* FileWatcher.swift */; };
/* End PBXBuildFile section */

/* Begin PBXCopyFilesBuildPhase section */
		009F105B1B94837D0004EA76 /* Embed Frameworks */ = {
			isa = PBXCopyFilesBuildPhase;
			buildActionMask = 2147483647;
			dstPath = "";
			dstSubfolderSpec = 10;
			files = (
				005103AC1B95BDD0006F04C9 /* ReactiveCocoa.framework in Embed Frameworks */,
				00A575E5216FF5B300A4B6A1 /* Down.framework in Embed Frameworks */,
				005103AE1B95BDD0006F04C9 /* Result.framework in Embed Frameworks */,
				00A575EC216FF90200A4B6A1 /* ReactiveSwift.framework in Embed Frameworks */,
			);
			name = "Embed Frameworks";
			runOnlyForDeploymentPostprocessing = 0;
		};
/* End PBXCopyFilesBuildPhase section */

/* Begin PBXFileReference section */
		000516FA1B948CD400BCFD09 /* MarkdownParser.swift */ = {isa = PBXFileReference; fileEncoding = 4; lastKnownFileType = sourcecode.swift; path = MarkdownParser.swift; sourceTree = "<group>"; };
		002487191BE00FF40092900B /* WebView.swift */ = {isa = PBXFileReference; fileEncoding = 4; lastKnownFileType = sourcecode.swift; path = WebView.swift; sourceTree = "<group>"; };
		005103A51B95B13F006F04C9 /* WindowController.swift */ = {isa = PBXFileReference; fileEncoding = 4; lastKnownFileType = sourcecode.swift; path = WindowController.swift; sourceTree = "<group>"; };
		005103A71B95B1E1006F04C9 /* RenderViewModel.swift */ = {isa = PBXFileReference; fileEncoding = 4; lastKnownFileType = sourcecode.swift; path = RenderViewModel.swift; sourceTree = "<group>"; };
		005103A91B95BDD0006F04C9 /* ReactiveCocoa.framework */ = {isa = PBXFileReference; lastKnownFileType = wrapper.framework; name = ReactiveCocoa.framework; path = Carthage/Build/Mac/ReactiveCocoa.framework; sourceTree = "<group>"; };
		005103AA1B95BDD0006F04C9 /* Result.framework */ = {isa = PBXFileReference; lastKnownFileType = wrapper.framework; name = Result.framework; path = Carthage/Build/Mac/Result.framework; sourceTree = "<group>"; };
		008847731C6CD0ED004347A5 /* Support Controller.swift */ = {isa = PBXFileReference; fileEncoding = 4; lastKnownFileType = sourcecode.swift; path = "Support Controller.swift"; sourceTree = "<group>"; };
		009627871B97384300E0A79D /* Template */ = {isa = PBXFileReference; lastKnownFileType = folder; path = Template; sourceTree = SOURCE_ROOT; };
		009627891B975C6700E0A79D /* Regex.swift */ = {isa = PBXFileReference; fileEncoding = 4; lastKnownFileType = sourcecode.swift; path = Regex.swift; sourceTree = "<group>"; };
		009750131C6B42C700D349A0 /* PreferencesView.swift */ = {isa = PBXFileReference; fileEncoding = 4; lastKnownFileType = sourcecode.swift; path = PreferencesView.swift; sourceTree = "<group>"; };
		009750151C6B42E300D349A0 /* Editor.swift */ = {isa = PBXFileReference; fileEncoding = 4; lastKnownFileType = sourcecode.swift; path = Editor.swift; sourceTree = "<group>"; };
		009750171C6B42EB00D349A0 /* PreferencesController.swift */ = {isa = PBXFileReference; fileEncoding = 4; lastKnownFileType = sourcecode.swift; path = PreferencesController.swift; sourceTree = "<group>"; };
		009750191C6B432A00D349A0 /* NSUserDefaults.swift */ = {isa = PBXFileReference; fileEncoding = 4; lastKnownFileType = sourcecode.swift; path = NSUserDefaults.swift; sourceTree = "<group>"; };
		009F10201B94657D0004EA76 /* Markoff.app */ = {isa = PBXFileReference; explicitFileType = wrapper.application; includeInIndex = 0; path = Markoff.app; sourceTree = BUILT_PRODUCTS_DIR; };
		009F10231B94657D0004EA76 /* AppDelegate.swift */ = {isa = PBXFileReference; lastKnownFileType = sourcecode.swift; path = AppDelegate.swift; sourceTree = "<group>"; };
		009F10251B94657D0004EA76 /* RenderViewController.swift */ = {isa = PBXFileReference; lastKnownFileType = sourcecode.swift; path = RenderViewController.swift; sourceTree = "<group>"; };
		009F10271B94657D0004EA76 /* MarkdownDocument.swift */ = {isa = PBXFileReference; lastKnownFileType = sourcecode.swift; path = MarkdownDocument.swift; sourceTree = "<group>"; };
		009F10291B94657D0004EA76 /* Assets.xcassets */ = {isa = PBXFileReference; lastKnownFileType = folder.assetcatalog; path = Assets.xcassets; sourceTree = "<group>"; };
		009F102C1B94657D0004EA76 /* Base */ = {isa = PBXFileReference; lastKnownFileType = file.storyboard; name = Base; path = Base.lproj/Main.storyboard; sourceTree = "<group>"; };
		009F102E1B94657D0004EA76 /* Info.plist */ = {isa = PBXFileReference; lastKnownFileType = text.plist.xml; path = Info.plist; sourceTree = "<group>"; };
		009F10491B9477300004EA76 /* Markoff.entitlements */ = {isa = PBXFileReference; lastKnownFileType = text.xml; path = Markoff.entitlements; sourceTree = "<group>"; };
		00A2ABBB1C69E4B20099A7E2 /* String.swift */ = {isa = PBXFileReference; fileEncoding = 4; lastKnownFileType = sourcecode.swift; path = String.swift; sourceTree = "<group>"; };
		00A2ABBD1C69F9950099A7E2 /* GCD.swift */ = {isa = PBXFileReference; fileEncoding = 4; lastKnownFileType = sourcecode.swift; path = GCD.swift; sourceTree = "<group>"; };
		00A575DF216FF58400A4B6A1 /* Down.framework */ = {isa = PBXFileReference; lastKnownFileType = wrapper.framework; name = Down.framework; path = Carthage/Build/Mac/Down.framework; sourceTree = "<group>"; };
		00A575E6216FF5BC00A4B6A1 /* WebKit.framework */ = {isa = PBXFileReference; lastKnownFileType = wrapper.framework; name = WebKit.framework; path = System/Library/Frameworks/WebKit.framework; sourceTree = SDKROOT; };
		00A575EA216FF90200A4B6A1 /* ReactiveSwift.framework */ = {isa = PBXFileReference; lastKnownFileType = wrapper.framework; name = ReactiveSwift.framework; path = Carthage/Build/Mac/ReactiveSwift.framework; sourceTree = "<group>"; };
		00F47CA41B99BF4500663B03 /* FileWatcher.swift */ = {isa = PBXFileReference; fileEncoding = 4; lastKnownFileType = sourcecode.swift; path = FileWatcher.swift; sourceTree = "<group>"; };
/* End PBXFileReference section */

/* Begin PBXFrameworksBuildPhase section */
		009F101D1B94657D0004EA76 /* Frameworks */ = {
			isa = PBXFrameworksBuildPhase;
			buildActionMask = 2147483647;
			files = (
				00A575E4216FF5B300A4B6A1 /* Down.framework in Frameworks */,
				005103AD1B95BDD0006F04C9 /* Result.framework in Frameworks */,
				00A575ED216FF91600A4B6A1 /* ReactiveSwift.framework in Frameworks */,
				005103AB1B95BDD0006F04C9 /* ReactiveCocoa.framework in Frameworks */,
			);
			runOnlyForDeploymentPostprocessing = 0;
		};
/* End PBXFrameworksBuildPhase section */

/* Begin PBXGroup section */
		002487181BE00FD90092900B /* Views */ = {
			isa = PBXGroup;
			children = (
				002487191BE00FF40092900B /* WebView.swift */,
				009F10251B94657D0004EA76 /* RenderViewController.swift */,
				009750131C6B42C700D349A0 /* PreferencesView.swift */,
			);
			name = Views;
			sourceTree = "<group>";
		};
		009F10171B94657D0004EA76 = {
			isa = PBXGroup;
			children = (
				009F10221B94657D0004EA76 /* Markoff */,
				009F10211B94657D0004EA76 /* Products */,
				00A575DE216FF58400A4B6A1 /* Frameworks */,
			);
			sourceTree = "<group>";
		};
		009F10211B94657D0004EA76 /* Products */ = {
			isa = PBXGroup;
			children = (
				009F10201B94657D0004EA76 /* Markoff.app */,
			);
			name = Products;
			sourceTree = "<group>";
		};
		009F10221B94657D0004EA76 /* Markoff */ = {
			isa = PBXGroup;
			children = (
				009F10361B946A630004EA76 /* Classes */,
				009F10341B946A510004EA76 /* Resources */,
				009F10351B946A590004EA76 /* Storyboards */,
			);
			path = Markoff;
			sourceTree = "<group>";
		};
		009F10341B946A510004EA76 /* Resources */ = {
			isa = PBXGroup;
			children = (
				009627871B97384300E0A79D /* Template */,
				009F10291B94657D0004EA76 /* Assets.xcassets */,
				009F10491B9477300004EA76 /* Markoff.entitlements */,
				009F102E1B94657D0004EA76 /* Info.plist */,
			);
			name = Resources;
			sourceTree = "<group>";
		};
		009F10351B946A590004EA76 /* Storyboards */ = {
			isa = PBXGroup;
			children = (
				009F102B1B94657D0004EA76 /* Main.storyboard */,
			);
			name = Storyboards;
			sourceTree = "<group>";
		};
		009F10361B946A630004EA76 /* Classes */ = {
			isa = PBXGroup;
			children = (
				00EE029E1C64A64F0070F142 /* Controllers */,
				00A2ABBA1C69E4A30099A7E2 /* Extensions */,
				00EE02A01C64A6770070F142 /* Helpers */,
				00EE02A11C64A67E0070F142 /* Models */,
				00EE029F1C64A66C0070F142 /* Presenters */,
				002487181BE00FD90092900B /* Views */,
			);
			name = Classes;
			sourceTree = "<group>";
		};
		00A2ABBA1C69E4A30099A7E2 /* Extensions */ = {
			isa = PBXGroup;
			children = (
				009750191C6B432A00D349A0 /* NSUserDefaults.swift */,
				00A2ABBB1C69E4B20099A7E2 /* String.swift */,
			);
			name = Extensions;
			sourceTree = "<group>";
		};
		00A575DE216FF58400A4B6A1 /* Frameworks */ = {
			isa = PBXGroup;
			children = (
				00A575EA216FF90200A4B6A1 /* ReactiveSwift.framework */,
				005103A91B95BDD0006F04C9 /* ReactiveCocoa.framework */,
				005103AA1B95BDD0006F04C9 /* Result.framework */,
				00A575E6216FF5BC00A4B6A1 /* WebKit.framework */,
				00A575DF216FF58400A4B6A1 /* Down.framework */,
			);
			name = Frameworks;
			sourceTree = "<group>";
		};
		00EE029E1C64A64F0070F142 /* Controllers */ = {
			isa = PBXGroup;
			children = (
				009F10231B94657D0004EA76 /* AppDelegate.swift */,
				005103A51B95B13F006F04C9 /* WindowController.swift */,
			);
			name = Controllers;
			sourceTree = "<group>";
		};
		00EE029F1C64A66C0070F142 /* Presenters */ = {
			isa = PBXGroup;
			children = (
				005103A71B95B1E1006F04C9 /* RenderViewModel.swift */,
			);
			name = Presenters;
			sourceTree = "<group>";
		};
		00EE02A01C64A6770070F142 /* Helpers */ = {
			isa = PBXGroup;
			children = (
				009627891B975C6700E0A79D /* Regex.swift */,
				00A2ABBD1C69F9950099A7E2 /* GCD.swift */,
			);
			name = Helpers;
			sourceTree = "<group>";
		};
		00EE02A11C64A67E0070F142 /* Models */ = {
			isa = PBXGroup;
			children = (
				009750151C6B42E300D349A0 /* Editor.swift */,
				00F47CA41B99BF4500663B03 /* FileWatcher.swift */,
				009F10271B94657D0004EA76 /* MarkdownDocument.swift */,
				000516FA1B948CD400BCFD09 /* MarkdownParser.swift */,
				009750171C6B42EB00D349A0 /* PreferencesController.swift */,
				008847731C6CD0ED004347A5 /* Support Controller.swift */,
			);
			name = Models;
			sourceTree = "<group>";
		};
/* End PBXGroup section */

/* Begin PBXNativeTarget section */
		009F101F1B94657D0004EA76 /* Markoff */ = {
			isa = PBXNativeTarget;
			buildConfigurationList = 009F10311B94657D0004EA76 /* Build configuration list for PBXNativeTarget "Markoff" */;
			buildPhases = (
				009F101C1B94657D0004EA76 /* Sources */,
				009F101D1B94657D0004EA76 /* Frameworks */,
				009F101E1B94657D0004EA76 /* Resources */,
				009F105B1B94837D0004EA76 /* Embed Frameworks */,
				005D1EA61BA7210C00789D51 /* Set Version Number */,
			);
			buildRules = (
			);
			dependencies = (
			);
			name = Markoff;
			productName = Markoff;
			productReference = 009F10201B94657D0004EA76 /* Markoff.app */;
			productType = "com.apple.product-type.application";
		};
/* End PBXNativeTarget section */

/* Begin PBXProject section */
		009F10181B94657D0004EA76 /* Project object */ = {
			isa = PBXProject;
			attributes = {
				LastSwiftUpdateCheck = 0700;
				LastUpgradeCheck = 1000;
				ORGANIZATIONNAME = thoughtbot;
				TargetAttributes = {
					009F101F1B94657D0004EA76 = {
						CreatedOnToolsVersion = 7.0;
						DevelopmentTeam = 5G38N4D8G2;
						LastSwiftMigration = 1000;
						SystemCapabilities = {
							com.apple.Sandbox = {
								enabled = 1;
							};
						};
					};
				};
			};
			buildConfigurationList = 009F101B1B94657D0004EA76 /* Build configuration list for PBXProject "Markoff" */;
			compatibilityVersion = "Xcode 3.2";
			developmentRegion = English;
			hasScannedForEncodings = 0;
			knownRegions = (
				en,
				Base,
			);
			mainGroup = 009F10171B94657D0004EA76;
			productRefGroup = 009F10211B94657D0004EA76 /* Products */;
			projectDirPath = "";
			projectRoot = "";
			targets = (
				009F101F1B94657D0004EA76 /* Markoff */,
			);
		};
/* End PBXProject section */

/* Begin PBXResourcesBuildPhase section */
		009F101E1B94657D0004EA76 /* Resources */ = {
			isa = PBXResourcesBuildPhase;
			buildActionMask = 2147483647;
			files = (
				009627881B97384300E0A79D /* Template in Resources */,
				009F102A1B94657D0004EA76 /* Assets.xcassets in Resources */,
				009F102D1B94657D0004EA76 /* Main.storyboard in Resources */,
			);
			runOnlyForDeploymentPostprocessing = 0;
		};
/* End PBXResourcesBuildPhase section */

/* Begin PBXShellScriptBuildPhase section */
		005D1EA61BA7210C00789D51 /* Set Version Number */ = {
			isa = PBXShellScriptBuildPhase;
			buildActionMask = 2147483647;
			files = (
			);
			inputPaths = (
			);
			name = "Set Version Number";
			outputPaths = (
			);
			runOnlyForDeploymentPostprocessing = 0;
			shellPath = /bin/sh;
			shellScript = "GIT_RELEASE_VERSION=$(git describe --tags --always --abbrev=0)\nCOMMITS=$(git rev-list HEAD | wc -l)\nCOMMITS=$(($COMMITS+1))\n\n/usr/libexec/PlistBuddy -c \"Set :CFBundleVersion ${COMMITS}\" \"${INFOPLIST_FILE}\"\n/usr/libexec/PlistBuddy -c \"Set :CFBundleShortVersionString ${GIT_RELEASE_VERSION#*v}\" \"${INFOPLIST_FILE}\"\n";
		};
/* End PBXShellScriptBuildPhase section */

/* Begin PBXSourcesBuildPhase section */
		009F101C1B94657D0004EA76 /* Sources */ = {
			isa = PBXSourcesBuildPhase;
			buildActionMask = 2147483647;
			files = (
				009F10261B94657D0004EA76 /* RenderViewController.swift in Sources */,
				009750141C6B42C700D349A0 /* PreferencesView.swift in Sources */,
				009750161C6B42E300D349A0 /* Editor.swift in Sources */,
				005103A61B95B13F006F04C9 /* WindowController.swift in Sources */,
				008847741C6CD0ED004347A5 /* Support Controller.swift in Sources */,
				00A2ABBC1C69E4B20099A7E2 /* String.swift in Sources */,
				0097501A1C6B432A00D349A0 /* NSUserDefaults.swift in Sources */,
				00F47CA51B99BF4500663B03 /* FileWatcher.swift in Sources */,
				005103A81B95B1E1006F04C9 /* RenderViewModel.swift in Sources */,
				0096278A1B975C6700E0A79D /* Regex.swift in Sources */,
				009F10241B94657D0004EA76 /* AppDelegate.swift in Sources */,
				00A2ABBE1C69F9950099A7E2 /* GCD.swift in Sources */,
				009F10281B94657D0004EA76 /* MarkdownDocument.swift in Sources */,
				0024871A1BE00FF40092900B /* WebView.swift in Sources */,
				009750181C6B42EB00D349A0 /* PreferencesController.swift in Sources */,
				000516FB1B948CD400BCFD09 /* MarkdownParser.swift in Sources */,
			);
			runOnlyForDeploymentPostprocessing = 0;
		};
/* End PBXSourcesBuildPhase section */

/* Begin PBXVariantGroup section */
		009F102B1B94657D0004EA76 /* Main.storyboard */ = {
			isa = PBXVariantGroup;
			children = (
				009F102C1B94657D0004EA76 /* Base */,
			);
			name = Main.storyboard;
			sourceTree = "<group>";
		};
/* End PBXVariantGroup section */

/* Begin XCBuildConfiguration section */
		009F102F1B94657D0004EA76 /* Debug */ = {
			isa = XCBuildConfiguration;
			buildSettings = {
				ALWAYS_SEARCH_USER_PATHS = NO;
				CLANG_CXX_LANGUAGE_STANDARD = "gnu++0x";
				CLANG_CXX_LIBRARY = "libc++";
				CLANG_ENABLE_MODULES = YES;
				CLANG_ENABLE_OBJC_ARC = YES;
				CLANG_WARN_BLOCK_CAPTURE_AUTORELEASING = YES;
				CLANG_WARN_BOOL_CONVERSION = YES;
				CLANG_WARN_COMMA = YES;
				CLANG_WARN_CONSTANT_CONVERSION = YES;
				CLANG_WARN_DEPRECATED_OBJC_IMPLEMENTATIONS = YES;
				CLANG_WARN_DIRECT_OBJC_ISA_USAGE = YES_ERROR;
				CLANG_WARN_EMPTY_BODY = YES;
				CLANG_WARN_ENUM_CONVERSION = YES;
				CLANG_WARN_INFINITE_RECURSION = YES;
				CLANG_WARN_INT_CONVERSION = YES;
				CLANG_WARN_NON_LITERAL_NULL_CONVERSION = YES;
				CLANG_WARN_OBJC_IMPLICIT_RETAIN_SELF = YES;
				CLANG_WARN_OBJC_LITERAL_CONVERSION = YES;
				CLANG_WARN_OBJC_ROOT_CLASS = YES_ERROR;
				CLANG_WARN_RANGE_LOOP_ANALYSIS = YES;
				CLANG_WARN_STRICT_PROTOTYPES = YES;
				CLANG_WARN_SUSPICIOUS_MOVE = YES;
				CLANG_WARN_UNREACHABLE_CODE = YES;
				CLANG_WARN__DUPLICATE_METHOD_MATCH = YES;
				CODE_SIGN_IDENTITY = "-";
				COPY_PHASE_STRIP = NO;
				DEBUG_INFORMATION_FORMAT = dwarf;
				ENABLE_STRICT_OBJC_MSGSEND = YES;
				ENABLE_TESTABILITY = YES;
				GCC_C_LANGUAGE_STANDARD = gnu99;
				GCC_DYNAMIC_NO_PIC = NO;
				GCC_NO_COMMON_BLOCKS = YES;
				GCC_OPTIMIZATION_LEVEL = 0;
				GCC_PREPROCESSOR_DEFINITIONS = (
					"DEBUG=1",
					"$(inherited)",
				);
				GCC_WARN_64_TO_32_BIT_CONVERSION = YES;
				GCC_WARN_ABOUT_RETURN_TYPE = YES_ERROR;
				GCC_WARN_UNDECLARED_SELECTOR = YES;
				GCC_WARN_UNINITIALIZED_AUTOS = YES_AGGRESSIVE;
				GCC_WARN_UNUSED_FUNCTION = YES;
				GCC_WARN_UNUSED_VARIABLE = YES;
				MACOSX_DEPLOYMENT_TARGET = 10.10;
				MTL_ENABLE_DEBUG_INFO = YES;
				ONLY_ACTIVE_ARCH = YES;
				SDKROOT = macosx;
				SWIFT_OPTIMIZATION_LEVEL = "-Onone";
			};
			name = Debug;
		};
		009F10301B94657D0004EA76 /* Release */ = {
			isa = XCBuildConfiguration;
			buildSettings = {
				ALWAYS_SEARCH_USER_PATHS = NO;
				CLANG_CXX_LANGUAGE_STANDARD = "gnu++0x";
				CLANG_CXX_LIBRARY = "libc++";
				CLANG_ENABLE_MODULES = YES;
				CLANG_ENABLE_OBJC_ARC = YES;
				CLANG_WARN_BLOCK_CAPTURE_AUTORELEASING = YES;
				CLANG_WARN_BOOL_CONVERSION = YES;
				CLANG_WARN_COMMA = YES;
				CLANG_WARN_CONSTANT_CONVERSION = YES;
				CLANG_WARN_DEPRECATED_OBJC_IMPLEMENTATIONS = YES;
				CLANG_WARN_DIRECT_OBJC_ISA_USAGE = YES_ERROR;
				CLANG_WARN_EMPTY_BODY = YES;
				CLANG_WARN_ENUM_CONVERSION = YES;
				CLANG_WARN_INFINITE_RECURSION = YES;
				CLANG_WARN_INT_CONVERSION = YES;
				CLANG_WARN_NON_LITERAL_NULL_CONVERSION = YES;
				CLANG_WARN_OBJC_IMPLICIT_RETAIN_SELF = YES;
				CLANG_WARN_OBJC_LITERAL_CONVERSION = YES;
				CLANG_WARN_OBJC_ROOT_CLASS = YES_ERROR;
				CLANG_WARN_RANGE_LOOP_ANALYSIS = YES;
				CLANG_WARN_STRICT_PROTOTYPES = YES;
				CLANG_WARN_SUSPICIOUS_MOVE = YES;
				CLANG_WARN_UNREACHABLE_CODE = YES;
				CLANG_WARN__DUPLICATE_METHOD_MATCH = YES;
				CODE_SIGN_IDENTITY = "-";
				COPY_PHASE_STRIP = NO;
				DEBUG_INFORMATION_FORMAT = "dwarf-with-dsym";
				ENABLE_NS_ASSERTIONS = NO;
				ENABLE_STRICT_OBJC_MSGSEND = YES;
				GCC_C_LANGUAGE_STANDARD = gnu99;
				GCC_NO_COMMON_BLOCKS = YES;
				GCC_WARN_64_TO_32_BIT_CONVERSION = YES;
				GCC_WARN_ABOUT_RETURN_TYPE = YES_ERROR;
				GCC_WARN_UNDECLARED_SELECTOR = YES;
				GCC_WARN_UNINITIALIZED_AUTOS = YES_AGGRESSIVE;
				GCC_WARN_UNUSED_FUNCTION = YES;
				GCC_WARN_UNUSED_VARIABLE = YES;
				MACOSX_DEPLOYMENT_TARGET = 10.10;
				MTL_ENABLE_DEBUG_INFO = NO;
				SDKROOT = macosx;
				SWIFT_OPTIMIZATION_LEVEL = "-Owholemodule";
			};
			name = Release;
		};
		009F10321B94657D0004EA76 /* Debug */ = {
			isa = XCBuildConfiguration;
			buildSettings = {
				ASSETCATALOG_COMPILER_APPICON_NAME = AppIcon;
				CODE_SIGN_ENTITLEMENTS = Markoff/Markoff.entitlements;
				CODE_SIGN_IDENTITY = "Mac Developer";
				COMBINE_HIDPI_IMAGES = YES;
				DEVELOPMENT_TEAM = 5G38N4D8G2;
				FRAMEWORK_SEARCH_PATHS = (
					"$(inherited)",
					"$(PROJECT_DIR)/Carthage/Build/Mac",
				);
				INFOPLIST_FILE = Markoff/Info.plist;
				LD_RUNPATH_SEARCH_PATHS = "$(inherited) @executable_path/../Frameworks";
				MACOSX_DEPLOYMENT_TARGET = 10.11;
				OTHER_SWIFT_FLAGS = "-D DEBUG";
				"OTHER_SWIFT_FLAGS[arch=*]" = "-D DEBUG";
				PRODUCT_BUNDLE_IDENTIFIER = com.thoughtbot.Markoff;
				PRODUCT_NAME = "$(TARGET_NAME)";
				SWIFT_SWIFT3_OBJC_INFERENCE = On;
				SWIFT_VERSION = 4.2;
			};
			name = Debug;
		};
		009F10331B94657D0004EA76 /* Release */ = {
			isa = XCBuildConfiguration;
			buildSettings = {
				ASSETCATALOG_COMPILER_APPICON_NAME = AppIcon;
				CODE_SIGN_ENTITLEMENTS = Markoff/Markoff.entitlements;
				CODE_SIGN_IDENTITY = "Mac Developer";
				COMBINE_HIDPI_IMAGES = YES;
				DEVELOPMENT_TEAM = 5G38N4D8G2;
				FRAMEWORK_SEARCH_PATHS = (
					"$(inherited)",
					"$(PROJECT_DIR)/Carthage/Build/Mac",
				);
				INFOPLIST_FILE = Markoff/Info.plist;
				LD_RUNPATH_SEARCH_PATHS = "$(inherited) @executable_path/../Frameworks";
				MACOSX_DEPLOYMENT_TARGET = 10.11;
				OTHER_SWIFT_FLAGS = "";
				PRODUCT_BUNDLE_IDENTIFIER = com.thoughtbot.Markoff;
				PRODUCT_NAME = "$(TARGET_NAME)";
				SWIFT_SWIFT3_OBJC_INFERENCE = On;
				SWIFT_VERSION = 4.2;
			};
			name = Release;
		};
/* End XCBuildConfiguration section */

/* Begin XCConfigurationList section */
		009F101B1B94657D0004EA76 /* Build configuration list for PBXProject "Markoff" */ = {
			isa = XCConfigurationList;
			buildConfigurations = (
				009F102F1B94657D0004EA76 /* Debug */,
				009F10301B94657D0004EA76 /* Release */,
			);
			defaultConfigurationIsVisible = 0;
			defaultConfigurationName = Release;
		};
		009F10311B94657D0004EA76 /* Build configuration list for PBXNativeTarget "Markoff" */ = {
			isa = XCConfigurationList;
			buildConfigurations = (
				009F10321B94657D0004EA76 /* Debug */,
				009F10331B94657D0004EA76 /* Release */,
			);
			defaultConfigurationIsVisible = 0;
			defaultConfigurationName = Release;
		};
/* End XCConfigurationList section */
	};
	rootObject = 009F10181B94657D0004EA76 /* Project object */;
}
