{
  "object": {
    "pins": [
      {
        "package": "combine-schedulers",
        "repositoryURL": "https://github.com/pointfreeco/combine-schedulers",
        "state": {
          "branch": null,
          "revision": "afc84b6a3639198b7b8b6d79f04eb3c2ee590d29",
          "version": "0.1.1"
        }
      },
      {
        "package": "CommonMark",
        "repositoryURL": "git@github.com:SwiftDocOrg/CommonMark.git",
        "state": {
          "branch": null,
          "revision": "62176a332884826997928ba578d9d322c16772fb",
          "version": "0.4.0"
        }
      },
      {
        "package": "swift-case-paths",
        "repositoryURL": "https://github.com/pointfreeco/swift-case-paths",
        "state": {
          "branch": null,
          "revision": "fb733d87aabb5b053ad782902f2f3d67e0a65ac5",
          "version": "0.1.1"
        }
      },
      {
        "package": "cmark",
        "repositoryURL": "https://github.com/SwiftDocOrg/swift-cmark.git",
        "state": {
          "branch": null,
          "revision": "2a766030bee955b4806044fd7aca1b6884475138",
          "version": "0.28.3+20200110.2a76603"
        }
      },
      {
        "package": "swift-composable-architecture",
        "repositoryURL": "https://github.com/pointfreeco/swift-composable-architecture.git",
        "state": {
          "branch": null,
          "revision": "c9c1a9a50040408c436e496bac35007add327186",
          "version": "0.5.0"
        }
      }
    ]
  },
  "version": 1
}
