{
  "object": {
    "pins": [
      {
        "package": "CommonMark",
        "repositoryURL": "git@github.com:SwiftDocOrg/CommonMark.git",
        "state": {
          "branch": null,
          "revision": "35718fc895ff25908628a47b44ae74aba75b6770",
          "version": "0.3.2"
        }
      },
      {
        "package": "cmark",
        "repositoryURL": "https://github.com/SwiftDocOrg/swift-cmark.git",
        "state": {
          "branch": null,
          "revision": "1168665f6b36be747ffe6b7b90bc54cfc17f42b7",
          "version": "0.28.3+20200207.1168665"
        }
      }
    ]
  },
  "version": 1
}
